
Microsoft Visual Studio Solution File, Format Version 12.00
# Visual Studio 15
Project("{FAE04EC0-301F-11D3-BF4B-00C04F79EFBC}") = "Assembly-CSharp", "Assembly-CSharp.csproj", "{86CC092D-AACB-2422-BD57-31BA479CFADD}"
EndProject
Project("{FAE04EC0-301F-11D3-BF4B-00C04F79EFBC}") = "Assembly-CSharp-Editor", "Assembly-CSharp-Editor.csproj", "{A54F9D6E-8F7D-42D6-7D7A-F42BF9E37CF1}"
EndProject
Global
	GlobalSection(SolutionConfigurationPlatforms) = preSolution
		Debug|Any CPU = Debug|Any CPU
		Release|Any CPU = Release|Any CPU
	EndGlobalSection
	GlobalSection(ProjectConfigurationPlatforms) = postSolution
		{86CC092D-AACB-2422-BD57-31BA479CFADD}.Debug|Any CPU.ActiveCfg = Debug|Any CPU
		{86CC092D-AACB-2422-BD57-31BA479CFADD}.Debug|Any CPU.Build.0 = Debug|Any CPU
		{86CC092D-AACB-2422-BD57-31BA479CFADD}.Release|Any CPU.ActiveCfg = Release|Any CPU
		{86CC092D-AACB-2422-BD57-31BA479CFADD}.Release|Any CPU.Build.0 = Release|Any CPU
		{A54F9D6E-8F7D-42D6-7D7A-F42BF9E37CF1}.Debug|Any CPU.ActiveCfg = Debug|Any CPU
		{A54F9D6E-8F7D-42D6-7D7A-F42BF9E37CF1}.Debug|Any CPU.Build.0 = Debug|Any CPU
		{A54F9D6E-8F7D-42D6-7D7A-F42BF9E37CF1}.Release|Any CPU.ActiveCfg = Release|Any CPU
		{A54F9D6E-8F7D-42D6-7D7A-F42BF9E37CF1}.Release|Any CPU.Build.0 = Release|Any CPU
	EndGlobalSection
	GlobalSection(SolutionProperties) = preSolution
		HideSolutionNode = FALSE
	EndGlobalSection
EndGlobal
