
Microsoft Visual Studio Solution File, Format Version 11.00
# Visual Studio 2010
Project("{FAE04EC0-301F-11D3-BF4B-00C04F79EFBC}") = "Assembly-CSharp", "Assembly-CSharp.csproj", "{01DEA2F2-B4AD-4C63-3E73-EBE19A787997}"
EndProject
Project("{FAE04EC0-301F-11D3-BF4B-00C04F79EFBC}") = "Assembly-CSharp-Editor", "Assembly-CSharp-Editor.csproj", "{F3BCDD92-C9CD-D747-A94E-E86E34693305}"
EndProject
Global
	GlobalSection(SolutionConfigurationPlatforms) = preSolution
		Debug|Any CPU = Debug|Any CPU
		Release|Any CPU = Release|Any CPU
	EndGlobalSection
	GlobalSection(ProjectConfigurationPlatforms) = postSolution
		{01DEA2F2-B4AD-4C63-3E73-EBE19A787997}.Debug|Any CPU.ActiveCfg = Debug|Any CPU
		{01DEA2F2-B4AD-4C63-3E73-EBE19A787997}.Debug|Any CPU.Build.0 = Debug|Any CPU
		{01DEA2F2-B4AD-4C63-3E73-EBE19A787997}.Release|Any CPU.ActiveCfg = Release|Any CPU
		{01DEA2F2-B4AD-4C63-3E73-EBE19A787997}.Release|Any CPU.Build.0 = Release|Any CPU
		{F3BCDD92-C9CD-D747-A94E-E86E34693305}.Debug|Any CPU.ActiveCfg = Debug|Any CPU
		{F3BCDD92-C9CD-D747-A94E-E86E34693305}.Debug|Any CPU.Build.0 = Debug|Any CPU
		{F3BCDD92-C9CD-D747-A94E-E86E34693305}.Release|Any CPU.ActiveCfg = Release|Any CPU
		{F3BCDD92-C9CD-D747-A94E-E86E34693305}.Release|Any CPU.Build.0 = Release|Any CPU
	EndGlobalSection
	GlobalSection(SolutionProperties) = preSolution
		HideSolutionNode = FALSE
	EndGlobalSection
	GlobalSection(MonoDevelopProperties) = preSolution
		StartupItem = Assembly-CSharp.csproj
	EndGlobalSection
EndGlobal
